
Microsoft Visual Studio Solution File, Format Version 12.00
# Visual Studio 15
Project("{FAE04EC0-301F-11D3-BF4B-00C04F79EFBC}") = "WeatherApp.API", "WeatherApp.API\WeatherApp.API.csproj", "{0EAFF2E7-7A2E-456F-AFD0-AE9DE2829739}"
EndProject
Project("{FAE04EC0-301F-11D3-BF4B-00C04F79EFBC}") = "WeatherApp.Client.Common", "WeatherApp.Client.Common\WeatherApp.Client.Common.csproj", "{2BFD4DAF-BB65-4A18-ADA6-63C9A8604A9F}"
EndProject
Project("{FAE04EC0-301F-11D3-BF4B-00C04F79EFBC}") = "WeatherApp.Client.Console", "WeatherApp.Client.Console\WeatherApp.Client.Console.csproj", "{14D27A5E-7334-4DB9-BA80-7BD26B16D54C}"
EndProject
Project("{FAE04EC0-301F-11D3-BF4B-00C04F79EFBC}") = "WeatherApp.Common", "WeatherApp.Common\WeatherApp.Common.csproj", "{5047A62C-CCF7-416A-A9B0-60A14598D87E}"
EndProject
Project("{FAE04EC0-301F-11D3-BF4B-00C04F79EFBC}") = "WeatherApp.Client.Test", "WeatherApp.Client.Test\WeatherApp.Client.Test.csproj", "{AAB3A1ED-444B-4D99-8EFE-A902973679D8}"
EndProject
Project("{FAE04EC0-301F-11D3-BF4B-00C04F79EFBC}") = "WeatherApp.API.Test", "WeatherApp.API.Test\WeatherApp.API.Test.csproj", "{114AF9BA-D727-46C5-8A22-D2E5114FEBD7}"
EndProject
Global
	GlobalSection(SolutionConfigurationPlatforms) = preSolution
		Debug|Any CPU = Debug|Any CPU
		Release|Any CPU = Release|Any CPU
	EndGlobalSection
	GlobalSection(ProjectConfigurationPlatforms) = postSolution
		{0EAFF2E7-7A2E-456F-AFD0-AE9DE2829739}.Debug|Any CPU.ActiveCfg = Debug|Any CPU
		{0EAFF2E7-7A2E-456F-AFD0-AE9DE2829739}.Debug|Any CPU.Build.0 = Debug|Any CPU
		{0EAFF2E7-7A2E-456F-AFD0-AE9DE2829739}.Release|Any CPU.ActiveCfg = Release|Any CPU
		{0EAFF2E7-7A2E-456F-AFD0-AE9DE2829739}.Release|Any CPU.Build.0 = Release|Any CPU
		{2BFD4DAF-BB65-4A18-ADA6-63C9A8604A9F}.Debug|Any CPU.ActiveCfg = Debug|Any CPU
		{2BFD4DAF-BB65-4A18-ADA6-63C9A8604A9F}.Debug|Any CPU.Build.0 = Debug|Any CPU
		{2BFD4DAF-BB65-4A18-ADA6-63C9A8604A9F}.Release|Any CPU.ActiveCfg = Release|Any CPU
		{2BFD4DAF-BB65-4A18-ADA6-63C9A8604A9F}.Release|Any CPU.Build.0 = Release|Any CPU
		{14D27A5E-7334-4DB9-BA80-7BD26B16D54C}.Debug|Any CPU.ActiveCfg = Debug|Any CPU
		{14D27A5E-7334-4DB9-BA80-7BD26B16D54C}.Debug|Any CPU.Build.0 = Debug|Any CPU
		{14D27A5E-7334-4DB9-BA80-7BD26B16D54C}.Release|Any CPU.ActiveCfg = Release|Any CPU
		{14D27A5E-7334-4DB9-BA80-7BD26B16D54C}.Release|Any CPU.Build.0 = Release|Any CPU
		{5047A62C-CCF7-416A-A9B0-60A14598D87E}.Debug|Any CPU.ActiveCfg = Debug|Any CPU
		{5047A62C-CCF7-416A-A9B0-60A14598D87E}.Debug|Any CPU.Build.0 = Debug|Any CPU
		{5047A62C-CCF7-416A-A9B0-60A14598D87E}.Release|Any CPU.ActiveCfg = Release|Any CPU
		{5047A62C-CCF7-416A-A9B0-60A14598D87E}.Release|Any CPU.Build.0 = Release|Any CPU
		{AAB3A1ED-444B-4D99-8EFE-A902973679D8}.Debug|Any CPU.ActiveCfg = Debug|Any CPU
		{AAB3A1ED-444B-4D99-8EFE-A902973679D8}.Debug|Any CPU.Build.0 = Debug|Any CPU
		{AAB3A1ED-444B-4D99-8EFE-A902973679D8}.Release|Any CPU.ActiveCfg = Release|Any CPU
		{AAB3A1ED-444B-4D99-8EFE-A902973679D8}.Release|Any CPU.Build.0 = Release|Any CPU
		{114AF9BA-D727-46C5-8A22-D2E5114FEBD7}.Debug|Any CPU.ActiveCfg = Debug|Any CPU
		{114AF9BA-D727-46C5-8A22-D2E5114FEBD7}.Debug|Any CPU.Build.0 = Debug|Any CPU
		{114AF9BA-D727-46C5-8A22-D2E5114FEBD7}.Release|Any CPU.ActiveCfg = Release|Any CPU
		{114AF9BA-D727-46C5-8A22-D2E5114FEBD7}.Release|Any CPU.Build.0 = Release|Any CPU
	EndGlobalSection
EndGlobal
