
Microsoft Visual Studio Solution File, Format Version 12.00
# Visual Studio 15
Project("{FAE04EC0-301F-11D3-BF4B-00C04F79EFBC}") = "ScientistSample.Client", "ScientistSample.Client\ScientistSample.Client.csproj", "{65385204-2C2F-4ED3-B3C2-7B90DC8B3B80}"
EndProject
Project("{FAE04EC0-301F-11D3-BF4B-00C04F79EFBC}") = "ScientistSample.ComplicatedCalculation", "ScientistSample.ComplicatedCalculation\ScientistSample.ComplicatedCalculation.csproj", "{B1D0EFFF-5164-42F4-A225-E045C993372A}"
EndProject
Project("{FAE04EC0-301F-11D3-BF4B-00C04F79EFBC}") = "ScientistSample.ComplicatedCalculation.v2", "ScientistSample.ComplicatedCalculation.v2\ScientistSample.ComplicatedCalculation.v2.csproj", "{81990DF5-3D2D-486A-BA76-A62B5E0273F9}"
EndProject
Global
	GlobalSection(SolutionConfigurationPlatforms) = preSolution
		Debug|Any CPU = Debug|Any CPU
		Release|Any CPU = Release|Any CPU
	EndGlobalSection
	GlobalSection(ProjectConfigurationPlatforms) = postSolution
		{65385204-2C2F-4ED3-B3C2-7B90DC8B3B80}.Debug|Any CPU.ActiveCfg = Debug|Any CPU
		{65385204-2C2F-4ED3-B3C2-7B90DC8B3B80}.Debug|Any CPU.Build.0 = Debug|Any CPU
		{65385204-2C2F-4ED3-B3C2-7B90DC8B3B80}.Release|Any CPU.ActiveCfg = Release|Any CPU
		{65385204-2C2F-4ED3-B3C2-7B90DC8B3B80}.Release|Any CPU.Build.0 = Release|Any CPU
		{B1D0EFFF-5164-42F4-A225-E045C993372A}.Debug|Any CPU.ActiveCfg = Debug|Any CPU
		{B1D0EFFF-5164-42F4-A225-E045C993372A}.Debug|Any CPU.Build.0 = Debug|Any CPU
		{B1D0EFFF-5164-42F4-A225-E045C993372A}.Release|Any CPU.ActiveCfg = Release|Any CPU
		{B1D0EFFF-5164-42F4-A225-E045C993372A}.Release|Any CPU.Build.0 = Release|Any CPU
		{81990DF5-3D2D-486A-BA76-A62B5E0273F9}.Debug|Any CPU.ActiveCfg = Debug|Any CPU
		{81990DF5-3D2D-486A-BA76-A62B5E0273F9}.Debug|Any CPU.Build.0 = Debug|Any CPU
		{81990DF5-3D2D-486A-BA76-A62B5E0273F9}.Release|Any CPU.ActiveCfg = Release|Any CPU
		{81990DF5-3D2D-486A-BA76-A62B5E0273F9}.Release|Any CPU.Build.0 = Release|Any CPU
	EndGlobalSection
EndGlobal
